{
  "object": {
    "pins": [
      {
        "package": "DL4S",
        "repositoryURL": "https://github.com/palle-k/DL4S.git",
        "state": {
          "branch": "develop",
          "revision": "31d9081ae89e642d66630c0dfab06f34e1703dcd",
          "version": null
        }
      }
    ]
  },
  "version": 1
}
